
Microsoft Visual Studio Solution File, Format Version 12.00
# Visual Studio 14
VisualStudioVersion = 14.0.25420.1
MinimumVisualStudioVersion = 10.0.40219.1
Project("{2150E333-8FDC-42A3-9474-1A3956D46DE8}") = "src", "src", "{E0E650C5-8A69-477E-9A1B-EA6500EFCA74}"
EndProject
Project("{2150E333-8FDC-42A3-9474-1A3956D46DE8}") = "Solution Items", "Solution Items", "{F00EF7AD-9612-4A7F-AF1B-F205981CA1DE}"
	ProjectSection(SolutionItems) = preProject
		global.json = global.json
	EndProjectSection
EndProject
Project("{8BB2217D-0F2D-49D1-97BC-3654ED321F3B}") = "WiseOldBot", "src\WiseOldBot\WiseOldBot.xproj", "{E12DCECB-30F1-490D-849D-8DD8601D9BA9}"
EndProject
Project("{8BB2217D-0F2D-49D1-97BC-3654ED321F3B}") = "BCL", "src\BCL\BCL.xproj", "{C1BF18D5-E2C2-4526-927D-DEBA9B0FB7EB}"
EndProject
Project("{8BB2217D-0F2D-49D1-97BC-3654ED321F3B}") = "OrgBot", "src\OrgBot\OrgBot.xproj", "{391ECD30-38E5-4A5F-891D-69013336B983}"
EndProject
Project("{2150E333-8FDC-42A3-9474-1A3956D46DE8}") = "tests", "tests", "{628D26F6-56AF-4815-85E8-B3E20DA6F2B6}"
EndProject
Project("{8BB2217D-0F2D-49D1-97BC-3654ED321F3B}") = "BotTests", "tests\BotTests\BotTests.xproj", "{2FA30565-9BF1-4331-9AAA-5EC717BEC321}"
EndProject
Project("{8BB2217D-0F2D-49D1-97BC-3654ED321F3B}") = "AntiBot", "src\AntiBot\AntiBot.xproj", "{7169CCC5-B480-43BC-A1D3-71A48DFFA1DC}"
EndProject
Global
	GlobalSection(SolutionConfigurationPlatforms) = preSolution
		Debug|Any CPU = Debug|Any CPU
		Release|Any CPU = Release|Any CPU
	EndGlobalSection
	GlobalSection(ProjectConfigurationPlatforms) = postSolution
		{E12DCECB-30F1-490D-849D-8DD8601D9BA9}.Debug|Any CPU.ActiveCfg = Debug|Any CPU
		{E12DCECB-30F1-490D-849D-8DD8601D9BA9}.Debug|Any CPU.Build.0 = Debug|Any CPU
		{E12DCECB-30F1-490D-849D-8DD8601D9BA9}.Release|Any CPU.ActiveCfg = Release|Any CPU
		{E12DCECB-30F1-490D-849D-8DD8601D9BA9}.Release|Any CPU.Build.0 = Release|Any CPU
		{C1BF18D5-E2C2-4526-927D-DEBA9B0FB7EB}.Debug|Any CPU.ActiveCfg = Debug|Any CPU
		{C1BF18D5-E2C2-4526-927D-DEBA9B0FB7EB}.Debug|Any CPU.Build.0 = Debug|Any CPU
		{C1BF18D5-E2C2-4526-927D-DEBA9B0FB7EB}.Release|Any CPU.ActiveCfg = Release|Any CPU
		{C1BF18D5-E2C2-4526-927D-DEBA9B0FB7EB}.Release|Any CPU.Build.0 = Release|Any CPU
		{391ECD30-38E5-4A5F-891D-69013336B983}.Debug|Any CPU.ActiveCfg = Debug|Any CPU
		{391ECD30-38E5-4A5F-891D-69013336B983}.Debug|Any CPU.Build.0 = Debug|Any CPU
		{391ECD30-38E5-4A5F-891D-69013336B983}.Release|Any CPU.ActiveCfg = Release|Any CPU
		{391ECD30-38E5-4A5F-891D-69013336B983}.Release|Any CPU.Build.0 = Release|Any CPU
		{2FA30565-9BF1-4331-9AAA-5EC717BEC321}.Debug|Any CPU.ActiveCfg = Debug|Any CPU
		{2FA30565-9BF1-4331-9AAA-5EC717BEC321}.Debug|Any CPU.Build.0 = Debug|Any CPU
		{2FA30565-9BF1-4331-9AAA-5EC717BEC321}.Release|Any CPU.ActiveCfg = Release|Any CPU
		{2FA30565-9BF1-4331-9AAA-5EC717BEC321}.Release|Any CPU.Build.0 = Release|Any CPU
		{7169CCC5-B480-43BC-A1D3-71A48DFFA1DC}.Debug|Any CPU.ActiveCfg = Debug|Any CPU
		{7169CCC5-B480-43BC-A1D3-71A48DFFA1DC}.Debug|Any CPU.Build.0 = Debug|Any CPU
		{7169CCC5-B480-43BC-A1D3-71A48DFFA1DC}.Release|Any CPU.ActiveCfg = Release|Any CPU
		{7169CCC5-B480-43BC-A1D3-71A48DFFA1DC}.Release|Any CPU.Build.0 = Release|Any CPU
	EndGlobalSection
	GlobalSection(SolutionProperties) = preSolution
		HideSolutionNode = FALSE
	EndGlobalSection
	GlobalSection(NestedProjects) = preSolution
		{E12DCECB-30F1-490D-849D-8DD8601D9BA9} = {E0E650C5-8A69-477E-9A1B-EA6500EFCA74}
		{C1BF18D5-E2C2-4526-927D-DEBA9B0FB7EB} = {E0E650C5-8A69-477E-9A1B-EA6500EFCA74}
		{391ECD30-38E5-4A5F-891D-69013336B983} = {E0E650C5-8A69-477E-9A1B-EA6500EFCA74}
		{2FA30565-9BF1-4331-9AAA-5EC717BEC321} = {628D26F6-56AF-4815-85E8-B3E20DA6F2B6}
		{7169CCC5-B480-43BC-A1D3-71A48DFFA1DC} = {E0E650C5-8A69-477E-9A1B-EA6500EFCA74}
	EndGlobalSection
EndGlobal
